
Microsoft Visual Studio Solution File, Format Version 12.00
# Visual Studio Version 16
VisualStudioVersion = 16.0.34031.81
MinimumVisualStudioVersion = 10.0.40219.1
Project("{9A19103F-16F7-4668-BE54-9A1E7A4F7556}") = "DonutBuilder", "WebApplication1\DonutBuilder.csproj", "{BEA9940B-A1D8-42DD-A33D-84900E71605E}"
EndProject
Global
	GlobalSection(SolutionConfigurationPlatforms) = preSolution
		Debug|Any CPU = Debug|Any CPU
		Release|Any CPU = Release|Any CPU
	EndGlobalSection
	GlobalSection(ProjectConfigurationPlatforms) = postSolution
		{BEA9940B-A1D8-42DD-A33D-84900E71605E}.Debug|Any CPU.ActiveCfg = Debug|Any CPU
		{BEA9940B-A1D8-42DD-A33D-84900E71605E}.Debug|Any CPU.Build.0 = Debug|Any CPU
		{BEA9940B-A1D8-42DD-A33D-84900E71605E}.Release|Any CPU.ActiveCfg = Release|Any CPU
		{BEA9940B-A1D8-42DD-A33D-84900E71605E}.Release|Any CPU.Build.0 = Release|Any CPU
	EndGlobalSection
	GlobalSection(SolutionProperties) = preSolution
		HideSolutionNode = FALSE
	EndGlobalSection
	GlobalSection(ExtensibilityGlobals) = postSolution
		SolutionGuid = {C1EE5BB5-AB2D-426F-AB04-1CCDBDC7A4D6}
	EndGlobalSection
EndGlobal
